// !$*UTF8*$!
{
	archiveVersion = 1;
	classes = {
	};
	objectVersion = 50;
	objects = {

/* Begin PBXBuildFile section */
		30A913E1256DF803003897BC /* AppDelegate.swift in Sources */ = {isa = PBXBuildFile; fileRef = 30A913E0256DF803003897BC /* AppDelegate.swift */; };
		30A913E3256DF803003897BC /* SceneDelegate.swift in Sources */ = {isa = PBXBuildFile; fileRef = 30A913E2256DF803003897BC /* SceneDelegate.swift */; };
		30A913E5256DF803003897BC /* ViewController.swift in Sources */ = {isa = PBXBuildFile; fileRef = 30A913E4256DF803003897BC /* ViewController.swift */; };
		30A913E8256DF803003897BC /* Main.storyboard in Resources */ = {isa = PBXBuildFile; fileRef = 30A913E6256DF803003897BC /* Main.storyboard */; };
		30A913EA256DF805003897BC /* Assets.xcassets in Resources */ = {isa = PBXBuildFile; fileRef = 30A913E9256DF805003897BC /* Assets.xcassets */; };
		30A913ED256DF805003897BC /* LaunchScreen.storyboard in Resources */ = {isa = PBXBuildFile; fileRef = 30A913EB256DF805003897BC /* LaunchScreen.storyboard */; };
		30A91411256E113A003897BC /* NunitoSans-Light.ttf in Resources */ = {isa = PBXBuildFile; fileRef = 30A91402256E1137003897BC /* NunitoSans-Light.ttf */; };
		30A91412256E113A003897BC /* NunitoSans-LightItalic.ttf in Resources */ = {isa = PBXBuildFile; fileRef = 30A91403256E1137003897BC /* NunitoSans-LightItalic.ttf */; };
		30A91413256E113A003897BC /* NunitoSans-Black.ttf in Resources */ = {isa = PBXBuildFile; fileRef = 30A91404256E1137003897BC /* NunitoSans-Black.ttf */; };
		30A91414256E113A003897BC /* NunitoSans-ExtraBold.ttf in Resources */ = {isa = PBXBuildFile; fileRef = 30A91405256E1137003897BC /* NunitoSans-ExtraBold.ttf */; };
		30A91415256E113A003897BC /* NunitoSans-BoldItalic.ttf in Resources */ = {isa = PBXBuildFile; fileRef = 30A91406256E1138003897BC /* NunitoSans-BoldItalic.ttf */; };
		30A91416256E113A003897BC /* OFL.txt in Resources */ = {isa = PBXBuildFile; fileRef = 30A91407256E1138003897BC /* OFL.txt */; };
		30A91417256E113A003897BC /* NunitoSans-Bold.ttf in Resources */ = {isa = PBXBuildFile; fileRef = 30A91408256E1138003897BC /* NunitoSans-Bold.ttf */; };
		30A91418256E113A003897BC /* NunitoSans-ExtraLightItalic.ttf in Resources */ = {isa = PBXBuildFile; fileRef = 30A91409256E1138003897BC /* NunitoSans-ExtraLightItalic.ttf */; };
		30A91419256E113A003897BC /* NunitoSans-Italic.ttf in Resources */ = {isa = PBXBuildFile; fileRef = 30A9140A256E1138003897BC /* NunitoSans-Italic.ttf */; };
		30A9141A256E113A003897BC /* NunitoSans-SemiBoldItalic.ttf in Resources */ = {isa = PBXBuildFile; fileRef = 30A9140B256E1139003897BC /* NunitoSans-SemiBoldItalic.ttf */; };
		30A9141B256E113A003897BC /* NunitoSans-ExtraLight.ttf in Resources */ = {isa = PBXBuildFile; fileRef = 30A9140C256E1139003897BC /* NunitoSans-ExtraLight.ttf */; };
		30A9141C256E113A003897BC /* NunitoSans-Regular.ttf in Resources */ = {isa = PBXBuildFile; fileRef = 30A9140D256E1139003897BC /* NunitoSans-Regular.ttf */; };
		30A9141D256E113A003897BC /* NunitoSans-BlackItalic.ttf in Resources */ = {isa = PBXBuildFile; fileRef = 30A9140E256E1139003897BC /* NunitoSans-BlackItalic.ttf */; };
		30A9141E256E113A003897BC /* NunitoSans-ExtraBoldItalic.ttf in Resources */ = {isa = PBXBuildFile; fileRef = 30A9140F256E113A003897BC /* NunitoSans-ExtraBoldItalic.ttf */; };
		30A9141F256E113A003897BC /* NunitoSans-SemiBold.ttf in Resources */ = {isa = PBXBuildFile; fileRef = 30A91410256E113A003897BC /* NunitoSans-SemiBold.ttf */; };
		30A91422256E3DB8003897BC /* SettingsViewController.swift in Sources */ = {isa = PBXBuildFile; fileRef = 30A91421256E3DB8003897BC /* SettingsViewController.swift */; };
		30A91427256E4C20003897BC /* SignUpViewController.swift in Sources */ = {isa = PBXBuildFile; fileRef = 30A91426256E4C20003897BC /* SignUpViewController.swift */; };
		30A9142A256E53EC003897BC /* SignInViewController.swift in Sources */ = {isa = PBXBuildFile; fileRef = 30A91429256E53EC003897BC /* SignInViewController.swift */; };
		30A9142D256E580A003897BC /* LiveViewController.swift in Sources */ = {isa = PBXBuildFile; fileRef = 30A9142C256E580A003897BC /* LiveViewController.swift */; };
		30A91430256E58EB003897BC /* GeneralViewController.swift in Sources */ = {isa = PBXBuildFile; fileRef = 30A9142F256E58EB003897BC /* GeneralViewController.swift */; };
		30A91437256E63DC003897BC /* AddCourseViewController.swift in Sources */ = {isa = PBXBuildFile; fileRef = 30A91436256E63DC003897BC /* AddCourseViewController.swift */; };
		30A9143A256E664A003897BC /* GroupsViewController.swift in Sources */ = {isa = PBXBuildFile; fileRef = 30A91439256E664A003897BC /* GroupsViewController.swift */; };
		30A9143D256E6994003897BC /* AddGroupViewController.swift in Sources */ = {isa = PBXBuildFile; fileRef = 30A9143C256E6994003897BC /* AddGroupViewController.swift */; };
		30A91440256E6B65003897BC /* StudentsViewController.swift in Sources */ = {isa = PBXBuildFile; fileRef = 30A9143F256E6B65003897BC /* StudentsViewController.swift */; };
		30A91443256E6E4B003897BC /* AddStudentViewController.swift in Sources */ = {isa = PBXBuildFile; fileRef = 30A91442256E6E4B003897BC /* AddStudentViewController.swift */; };
		30A91446256E7340003897BC /* CardViewController.swift in Sources */ = {isa = PBXBuildFile; fileRef = 30A91445256E7340003897BC /* CardViewController.swift */; };
/* End PBXBuildFile section */

/* Begin PBXFileReference section */
		30A913DD256DF803003897BC /* eduCards.app */ = {isa = PBXFileReference; explicitFileType = wrapper.application; includeInIndex = 0; path = eduCards.app; sourceTree = BUILT_PRODUCTS_DIR; };
		30A913E0256DF803003897BC /* AppDelegate.swift */ = {isa = PBXFileReference; lastKnownFileType = sourcecode.swift; path = AppDelegate.swift; sourceTree = "<group>"; };
		30A913E2256DF803003897BC /* SceneDelegate.swift */ = {isa = PBXFileReference; lastKnownFileType = sourcecode.swift; path = SceneDelegate.swift; sourceTree = "<group>"; };
		30A913E4256DF803003897BC /* ViewController.swift */ = {isa = PBXFileReference; lastKnownFileType = sourcecode.swift; path = ViewController.swift; sourceTree = "<group>"; };
		30A913E7256DF803003897BC /* Base */ = {isa = PBXFileReference; lastKnownFileType = file.storyboard; name = Base; path = Base.lproj/Main.storyboard; sourceTree = "<group>"; };
		30A913E9256DF805003897BC /* Assets.xcassets */ = {isa = PBXFileReference; lastKnownFileType = folder.assetcatalog; path = Assets.xcassets; sourceTree = "<group>"; };
		30A913EC256DF805003897BC /* Base */ = {isa = PBXFileReference; lastKnownFileType = file.storyboard; name = Base; path = Base.lproj/LaunchScreen.storyboard; sourceTree = "<group>"; };
		30A913EE256DF805003897BC /* Info.plist */ = {isa = PBXFileReference; lastKnownFileType = text.plist.xml; path = Info.plist; sourceTree = "<group>"; };
		30A91402256E1137003897BC /* NunitoSans-Light.ttf */ = {isa = PBXFileReference; lastKnownFileType = file; path = "NunitoSans-Light.ttf"; sourceTree = "<group>"; };
		30A91403256E1137003897BC /* NunitoSans-LightItalic.ttf */ = {isa = PBXFileReference; lastKnownFileType = file; path = "NunitoSans-LightItalic.ttf"; sourceTree = "<group>"; };
		30A91404256E1137003897BC /* NunitoSans-Black.ttf */ = {isa = PBXFileReference; lastKnownFileType = file; path = "NunitoSans-Black.ttf"; sourceTree = "<group>"; };
		30A91405256E1137003897BC /* NunitoSans-ExtraBold.ttf */ = {isa = PBXFileReference; lastKnownFileType = file; path = "NunitoSans-ExtraBold.ttf"; sourceTree = "<group>"; };
		30A91406256E1138003897BC /* NunitoSans-BoldItalic.ttf */ = {isa = PBXFileReference; lastKnownFileType = file; path = "NunitoSans-BoldItalic.ttf"; sourceTree = "<group>"; };
		30A91407256E1138003897BC /* OFL.txt */ = {isa = PBXFileReference; fileEncoding = 4; lastKnownFileType = text; path = OFL.txt; sourceTree = "<group>"; };
		30A91408256E1138003897BC /* NunitoSans-Bold.ttf */ = {isa = PBXFileReference; lastKnownFileType = file; path = "NunitoSans-Bold.ttf"; sourceTree = "<group>"; };
		30A91409256E1138003897BC /* NunitoSans-ExtraLightItalic.ttf */ = {isa = PBXFileReference; lastKnownFileType = file; path = "NunitoSans-ExtraLightItalic.ttf"; sourceTree = "<group>"; };
		30A9140A256E1138003897BC /* NunitoSans-Italic.ttf */ = {isa = PBXFileReference; lastKnownFileType = file; path = "NunitoSans-Italic.ttf"; sourceTree = "<group>"; };
		30A9140B256E1139003897BC /* NunitoSans-SemiBoldItalic.ttf */ = {isa = PBXFileReference; lastKnownFileType = file; path = "NunitoSans-SemiBoldItalic.ttf"; sourceTree = "<group>"; };
		30A9140C256E1139003897BC /* NunitoSans-ExtraLight.ttf */ = {isa = PBXFileReference; lastKnownFileType = file; path = "NunitoSans-ExtraLight.ttf"; sourceTree = "<group>"; };
		30A9140D256E1139003897BC /* NunitoSans-Regular.ttf */ = {isa = PBXFileReference; lastKnownFileType = file; path = "NunitoSans-Regular.ttf"; sourceTree = "<group>"; };
		30A9140E256E1139003897BC /* NunitoSans-BlackItalic.ttf */ = {isa = PBXFileReference; lastKnownFileType = file; path = "NunitoSans-BlackItalic.ttf"; sourceTree = "<group>"; };
		30A9140F256E113A003897BC /* NunitoSans-ExtraBoldItalic.ttf */ = {isa = PBXFileReference; lastKnownFileType = file; path = "NunitoSans-ExtraBoldItalic.ttf"; sourceTree = "<group>"; };
		30A91410256E113A003897BC /* NunitoSans-SemiBold.ttf */ = {isa = PBXFileReference; lastKnownFileType = file; path = "NunitoSans-SemiBold.ttf"; sourceTree = "<group>"; };
		30A91421256E3DB8003897BC /* SettingsViewController.swift */ = {isa = PBXFileReference; lastKnownFileType = sourcecode.swift; path = SettingsViewController.swift; sourceTree = "<group>"; };
		30A91426256E4C20003897BC /* SignUpViewController.swift */ = {isa = PBXFileReference; lastKnownFileType = sourcecode.swift; path = SignUpViewController.swift; sourceTree = "<group>"; };
		30A91429256E53EC003897BC /* SignInViewController.swift */ = {isa = PBXFileReference; lastKnownFileType = sourcecode.swift; path = SignInViewController.swift; sourceTree = "<group>"; };
		30A9142C256E580A003897BC /* LiveViewController.swift */ = {isa = PBXFileReference; lastKnownFileType = sourcecode.swift; path = LiveViewController.swift; sourceTree = "<group>"; };
		30A9142F256E58EB003897BC /* GeneralViewController.swift */ = {isa = PBXFileReference; lastKnownFileType = sourcecode.swift; path = GeneralViewController.swift; sourceTree = "<group>"; };
		30A91436256E63DC003897BC /* AddCourseViewController.swift */ = {isa = PBXFileReference; lastKnownFileType = sourcecode.swift; path = AddCourseViewController.swift; sourceTree = "<group>"; };
		30A91439256E664A003897BC /* GroupsViewController.swift */ = {isa = PBXFileReference; lastKnownFileType = sourcecode.swift; path = GroupsViewController.swift; sourceTree = "<group>"; };
		30A9143C256E6994003897BC /* AddGroupViewController.swift */ = {isa = PBXFileReference; lastKnownFileType = sourcecode.swift; path = AddGroupViewController.swift; sourceTree = "<group>"; };
		30A9143F256E6B65003897BC /* StudentsViewController.swift */ = {isa = PBXFileReference; lastKnownFileType = sourcecode.swift; path = StudentsViewController.swift; sourceTree = "<group>"; };
		30A91442256E6E4B003897BC /* AddStudentViewController.swift */ = {isa = PBXFileReference; lastKnownFileType = sourcecode.swift; path = AddStudentViewController.swift; sourceTree = "<group>"; };
		30A91445256E7340003897BC /* CardViewController.swift */ = {isa = PBXFileReference; lastKnownFileType = sourcecode.swift; path = CardViewController.swift; sourceTree = "<group>"; };
/* End PBXFileReference section */

/* Begin PBXFrameworksBuildPhase section */
		30A913DA256DF803003897BC /* Frameworks */ = {
			isa = PBXFrameworksBuildPhase;
			buildActionMask = 2147483647;
			files = (
			);
			runOnlyForDeploymentPostprocessing = 0;
		};
/* End PBXFrameworksBuildPhase section */

/* Begin PBXGroup section */
		30A913D4256DF803003897BC = {
			isa = PBXGroup;
			children = (
				30A913DF256DF803003897BC /* eduCards */,
				30A913DE256DF803003897BC /* Products */,
			);
			sourceTree = "<group>";
		};
		30A913DE256DF803003897BC /* Products */ = {
			isa = PBXGroup;
			children = (
				30A913DD256DF803003897BC /* eduCards.app */,
			);
			name = Products;
			sourceTree = "<group>";
		};
		30A913DF256DF803003897BC /* eduCards */ = {
			isa = PBXGroup;
			children = (
				30A91424256E4BEF003897BC /* ViewControllers */,
				30A913E0256DF803003897BC /* AppDelegate.swift */,
				30A913E2256DF803003897BC /* SceneDelegate.swift */,
				30A913E6256DF803003897BC /* Main.storyboard */,
				30A913E9256DF805003897BC /* Assets.xcassets */,
				30A913EB256DF805003897BC /* LaunchScreen.storyboard */,
				30A913FF256E10F8003897BC /* Resources */,
				30A913EE256DF805003897BC /* Info.plist */,
			);
			path = eduCards;
			sourceTree = "<group>";
		};
		30A913FF256E10F8003897BC /* Resources */ = {
			isa = PBXGroup;
			children = (
				30A91400256E1102003897BC /* Fonts */,
			);
			path = Resources;
			sourceTree = "<group>";
		};
		30A91400256E1102003897BC /* Fonts */ = {
			isa = PBXGroup;
			children = (
				30A91401256E1109003897BC /* Nunito Sans */,
			);
			path = Fonts;
			sourceTree = "<group>";
		};
		30A91401256E1109003897BC /* Nunito Sans */ = {
			isa = PBXGroup;
			children = (
				30A91404256E1137003897BC /* NunitoSans-Black.ttf */,
				30A9140E256E1139003897BC /* NunitoSans-BlackItalic.ttf */,
				30A91408256E1138003897BC /* NunitoSans-Bold.ttf */,
				30A91406256E1138003897BC /* NunitoSans-BoldItalic.ttf */,
				30A91405256E1137003897BC /* NunitoSans-ExtraBold.ttf */,
				30A9140F256E113A003897BC /* NunitoSans-ExtraBoldItalic.ttf */,
				30A9140C256E1139003897BC /* NunitoSans-ExtraLight.ttf */,
				30A91409256E1138003897BC /* NunitoSans-ExtraLightItalic.ttf */,
				30A9140A256E1138003897BC /* NunitoSans-Italic.ttf */,
				30A91402256E1137003897BC /* NunitoSans-Light.ttf */,
				30A91403256E1137003897BC /* NunitoSans-LightItalic.ttf */,
				30A9140D256E1139003897BC /* NunitoSans-Regular.ttf */,
				30A91410256E113A003897BC /* NunitoSans-SemiBold.ttf */,
				30A9140B256E1139003897BC /* NunitoSans-SemiBoldItalic.ttf */,
				30A91407256E1138003897BC /* OFL.txt */,
			);
			path = "Nunito Sans";
			sourceTree = "<group>";
		};
		30A91424256E4BEF003897BC /* ViewControllers */ = {
			isa = PBXGroup;
			children = (
				30A913E4256DF803003897BC /* ViewController.swift */,
				30A91421256E3DB8003897BC /* SettingsViewController.swift */,
				30A91426256E4C20003897BC /* SignUpViewController.swift */,
				30A91429256E53EC003897BC /* SignInViewController.swift */,
				30A9142C256E580A003897BC /* LiveViewController.swift */,
				30A9142F256E58EB003897BC /* GeneralViewController.swift */,
				30A91436256E63DC003897BC /* AddCourseViewController.swift */,
				30A91439256E664A003897BC /* GroupsViewController.swift */,
				30A9143C256E6994003897BC /* AddGroupViewController.swift */,
				30A9143F256E6B65003897BC /* StudentsViewController.swift */,
				30A91442256E6E4B003897BC /* AddStudentViewController.swift */,
				30A91445256E7340003897BC /* CardViewController.swift */,
			);
			path = ViewControllers;
			sourceTree = "<group>";
		};
/* End PBXGroup section */

/* Begin PBXNativeTarget section */
		30A913DC256DF803003897BC /* eduCards */ = {
			isa = PBXNativeTarget;
			buildConfigurationList = 30A913F1256DF805003897BC /* Build configuration list for PBXNativeTarget "eduCards" */;
			buildPhases = (
				30A913D9256DF803003897BC /* Sources */,
				30A913DA256DF803003897BC /* Frameworks */,
				30A913DB256DF803003897BC /* Resources */,
			);
			buildRules = (
			);
			dependencies = (
			);
			name = eduCards;
			productName = eduCards;
			productReference = 30A913DD256DF803003897BC /* eduCards.app */;
			productType = "com.apple.product-type.application";
		};
/* End PBXNativeTarget section */

/* Begin PBXProject section */
		30A913D5256DF803003897BC /* Project object */ = {
			isa = PBXProject;
			attributes = {
				LastSwiftUpdateCheck = 1220;
				LastUpgradeCheck = 1220;
				TargetAttributes = {
					30A913DC256DF803003897BC = {
						CreatedOnToolsVersion = 12.2;
					};
				};
			};
			buildConfigurationList = 30A913D8256DF803003897BC /* Build configuration list for PBXProject "eduCards" */;
			compatibilityVersion = "Xcode 9.3";
			developmentRegion = en;
			hasScannedForEncodings = 0;
			knownRegions = (
				en,
				Base,
			);
			mainGroup = 30A913D4256DF803003897BC;
			productRefGroup = 30A913DE256DF803003897BC /* Products */;
			projectDirPath = "";
			projectRoot = "";
			targets = (
				30A913DC256DF803003897BC /* eduCards */,
			);
		};
/* End PBXProject section */

/* Begin PBXResourcesBuildPhase section */
		30A913DB256DF803003897BC /* Resources */ = {
			isa = PBXResourcesBuildPhase;
			buildActionMask = 2147483647;
			files = (
				30A91413256E113A003897BC /* NunitoSans-Black.ttf in Resources */,
				30A913ED256DF805003897BC /* LaunchScreen.storyboard in Resources */,
				30A9141E256E113A003897BC /* NunitoSans-ExtraBoldItalic.ttf in Resources */,
				30A91418256E113A003897BC /* NunitoSans-ExtraLightItalic.ttf in Resources */,
				30A913EA256DF805003897BC /* Assets.xcassets in Resources */,
				30A9141A256E113A003897BC /* NunitoSans-SemiBoldItalic.ttf in Resources */,
				30A91417256E113A003897BC /* NunitoSans-Bold.ttf in Resources */,
				30A9141B256E113A003897BC /* NunitoSans-ExtraLight.ttf in Resources */,
				30A9141C256E113A003897BC /* NunitoSans-Regular.ttf in Resources */,
				30A9141D256E113A003897BC /* NunitoSans-BlackItalic.ttf in Resources */,
				30A91416256E113A003897BC /* OFL.txt in Resources */,
				30A91419256E113A003897BC /* NunitoSans-Italic.ttf in Resources */,
				30A91415256E113A003897BC /* NunitoSans-BoldItalic.ttf in Resources */,
				30A913E8256DF803003897BC /* Main.storyboard in Resources */,
				30A91411256E113A003897BC /* NunitoSans-Light.ttf in Resources */,
				30A9141F256E113A003897BC /* NunitoSans-SemiBold.ttf in Resources */,
				30A91414256E113A003897BC /* NunitoSans-ExtraBold.ttf in Resources */,
				30A91412256E113A003897BC /* NunitoSans-LightItalic.ttf in Resources */,
			);
			runOnlyForDeploymentPostprocessing = 0;
		};
/* End PBXResourcesBuildPhase section */

/* Begin PBXSourcesBuildPhase section */
		30A913D9256DF803003897BC /* Sources */ = {
			isa = PBXSourcesBuildPhase;
			buildActionMask = 2147483647;
			files = (
				30A9143D256E6994003897BC /* AddGroupViewController.swift in Sources */,
				30A913E5256DF803003897BC /* ViewController.swift in Sources */,
				30A91437256E63DC003897BC /* AddCourseViewController.swift in Sources */,
				30A913E1256DF803003897BC /* AppDelegate.swift in Sources */,
				30A9142D256E580A003897BC /* LiveViewController.swift in Sources */,
				30A9143A256E664A003897BC /* GroupsViewController.swift in Sources */,
				30A91430256E58EB003897BC /* GeneralViewController.swift in Sources */,
				30A9142A256E53EC003897BC /* SignInViewController.swift in Sources */,
				30A91446256E7340003897BC /* CardViewController.swift in Sources */,
				30A91440256E6B65003897BC /* StudentsViewController.swift in Sources */,
				30A913E3256DF803003897BC /* SceneDelegate.swift in Sources */,
				30A91422256E3DB8003897BC /* SettingsViewController.swift in Sources */,
				30A91427256E4C20003897BC /* SignUpViewController.swift in Sources */,
				30A91443256E6E4B003897BC /* AddStudentViewController.swift in Sources */,
			);
			runOnlyForDeploymentPostprocessing = 0;
		};
/* End PBXSourcesBuildPhase section */

/* Begin PBXVariantGroup section */
		30A913E6256DF803003897BC /* Main.storyboard */ = {
			isa = PBXVariantGroup;
			children = (
				30A913E7256DF803003897BC /* Base */,
			);
			name = Main.storyboard;
			sourceTree = "<group>";
		};
		30A913EB256DF805003897BC /* LaunchScreen.storyboard */ = {
			isa = PBXVariantGroup;
			children = (
				30A913EC256DF805003897BC /* Base */,
			);
			name = LaunchScreen.storyboard;
			sourceTree = "<group>";
		};
/* End PBXVariantGroup section */

/* Begin XCBuildConfiguration section */
		30A913EF256DF805003897BC /* Debug */ = {
			isa = XCBuildConfiguration;
			buildSettings = {
				ALWAYS_SEARCH_USER_PATHS = NO;
				CLANG_ANALYZER_NONNULL = YES;
				CLANG_ANALYZER_NUMBER_OBJECT_CONVERSION = YES_AGGRESSIVE;
				CLANG_CXX_LANGUAGE_STANDARD = "gnu++14";
				CLANG_CXX_LIBRARY = "libc++";
				CLANG_ENABLE_MODULES = YES;
				CLANG_ENABLE_OBJC_ARC = YES;
				CLANG_ENABLE_OBJC_WEAK = YES;
				CLANG_WARN_BLOCK_CAPTURE_AUTORELEASING = YES;
				CLANG_WARN_BOOL_CONVERSION = YES;
				CLANG_WARN_COMMA = YES;
				CLANG_WARN_CONSTANT_CONVERSION = YES;
				CLANG_WARN_DEPRECATED_OBJC_IMPLEMENTATIONS = YES;
				CLANG_WARN_DIRECT_OBJC_ISA_USAGE = YES_ERROR;
				CLANG_WARN_DOCUMENTATION_COMMENTS = YES;
				CLANG_WARN_EMPTY_BODY = YES;
				CLANG_WARN_ENUM_CONVERSION = YES;
				CLANG_WARN_INFINITE_RECURSION = YES;
				CLANG_WARN_INT_CONVERSION = YES;
				CLANG_WARN_NON_LITERAL_NULL_CONVERSION = YES;
				CLANG_WARN_OBJC_IMPLICIT_RETAIN_SELF = YES;
				CLANG_WARN_OBJC_LITERAL_CONVERSION = YES;
				CLANG_WARN_OBJC_ROOT_CLASS = YES_ERROR;
				CLANG_WARN_QUOTED_INCLUDE_IN_FRAMEWORK_HEADER = YES;
				CLANG_WARN_RANGE_LOOP_ANALYSIS = YES;
				CLANG_WARN_STRICT_PROTOTYPES = YES;
				CLANG_WARN_SUSPICIOUS_MOVE = YES;
				CLANG_WARN_UNGUARDED_AVAILABILITY = YES_AGGRESSIVE;
				CLANG_WARN_UNREACHABLE_CODE = YES;
				CLANG_WARN__DUPLICATE_METHOD_MATCH = YES;
				COPY_PHASE_STRIP = NO;
				DEBUG_INFORMATION_FORMAT = dwarf;
				ENABLE_STRICT_OBJC_MSGSEND = YES;
				ENABLE_TESTABILITY = YES;
				GCC_C_LANGUAGE_STANDARD = gnu11;
				GCC_DYNAMIC_NO_PIC = NO;
				GCC_NO_COMMON_BLOCKS = YES;
				GCC_OPTIMIZATION_LEVEL = 0;
				GCC_PREPROCESSOR_DEFINITIONS = (
					"DEBUG=1",
					"$(inherited)",
				);
				GCC_WARN_64_TO_32_BIT_CONVERSION = YES;
				GCC_WARN_ABOUT_RETURN_TYPE = YES_ERROR;
				GCC_WARN_UNDECLARED_SELECTOR = YES;
				GCC_WARN_UNINITIALIZED_AUTOS = YES_AGGRESSIVE;
				GCC_WARN_UNUSED_FUNCTION = YES;
				GCC_WARN_UNUSED_VARIABLE = YES;
				IPHONEOS_DEPLOYMENT_TARGET = 14.2;
				MTL_ENABLE_DEBUG_INFO = INCLUDE_SOURCE;
				MTL_FAST_MATH = YES;
				ONLY_ACTIVE_ARCH = YES;
				SDKROOT = iphoneos;
				SWIFT_ACTIVE_COMPILATION_CONDITIONS = DEBUG;
				SWIFT_OPTIMIZATION_LEVEL = "-Onone";
			};
			name = Debug;
		};
		30A913F0256DF805003897BC /* Release */ = {
			isa = XCBuildConfiguration;
			buildSettings = {
				ALWAYS_SEARCH_USER_PATHS = NO;
				CLANG_ANALYZER_NONNULL = YES;
				CLANG_ANALYZER_NUMBER_OBJECT_CONVERSION = YES_AGGRESSIVE;
				CLANG_CXX_LANGUAGE_STANDARD = "gnu++14";
				CLANG_CXX_LIBRARY = "libc++";
				CLANG_ENABLE_MODULES = YES;
				CLANG_ENABLE_OBJC_ARC = YES;
				CLANG_ENABLE_OBJC_WEAK = YES;
				CLANG_WARN_BLOCK_CAPTURE_AUTORELEASING = YES;
				CLANG_WARN_BOOL_CONVERSION = YES;
				CLANG_WARN_COMMA = YES;
				CLANG_WARN_CONSTANT_CONVERSION = YES;
				CLANG_WARN_DEPRECATED_OBJC_IMPLEMENTATIONS = YES;
				CLANG_WARN_DIRECT_OBJC_ISA_USAGE = YES_ERROR;
				CLANG_WARN_DOCUMENTATION_COMMENTS = YES;
				CLANG_WARN_EMPTY_BODY = YES;
				CLANG_WARN_ENUM_CONVERSION = YES;
				CLANG_WARN_INFINITE_RECURSION = YES;
				CLANG_WARN_INT_CONVERSION = YES;
				CLANG_WARN_NON_LITERAL_NULL_CONVERSION = YES;
				CLANG_WARN_OBJC_IMPLICIT_RETAIN_SELF = YES;
				CLANG_WARN_OBJC_LITERAL_CONVERSION = YES;
				CLANG_WARN_OBJC_ROOT_CLASS = YES_ERROR;
				CLANG_WARN_QUOTED_INCLUDE_IN_FRAMEWORK_HEADER = YES;
				CLANG_WARN_RANGE_LOOP_ANALYSIS = YES;
				CLANG_WARN_STRICT_PROTOTYPES = YES;
				CLANG_WARN_SUSPICIOUS_MOVE = YES;
				CLANG_WARN_UNGUARDED_AVAILABILITY = YES_AGGRESSIVE;
				CLANG_WARN_UNREACHABLE_CODE = YES;
				CLANG_WARN__DUPLICATE_METHOD_MATCH = YES;
				COPY_PHASE_STRIP = NO;
				DEBUG_INFORMATION_FORMAT = "dwarf-with-dsym";
				ENABLE_NS_ASSERTIONS = NO;
				ENABLE_STRICT_OBJC_MSGSEND = YES;
				GCC_C_LANGUAGE_STANDARD = gnu11;
				GCC_NO_COMMON_BLOCKS = YES;
				GCC_WARN_64_TO_32_BIT_CONVERSION = YES;
				GCC_WARN_ABOUT_RETURN_TYPE = YES_ERROR;
				GCC_WARN_UNDECLARED_SELECTOR = YES;
				GCC_WARN_UNINITIALIZED_AUTOS = YES_AGGRESSIVE;
				GCC_WARN_UNUSED_FUNCTION = YES;
				GCC_WARN_UNUSED_VARIABLE = YES;
				IPHONEOS_DEPLOYMENT_TARGET = 14.2;
				MTL_ENABLE_DEBUG_INFO = NO;
				MTL_FAST_MATH = YES;
				SDKROOT = iphoneos;
				SWIFT_COMPILATION_MODE = wholemodule;
				SWIFT_OPTIMIZATION_LEVEL = "-O";
				VALIDATE_PRODUCT = YES;
			};
			name = Release;
		};
		30A913F2256DF805003897BC /* Debug */ = {
			isa = XCBuildConfiguration;
			buildSettings = {
				ASSETCATALOG_COMPILER_APPICON_NAME = AppIcon;
				ASSETCATALOG_COMPILER_GLOBAL_ACCENT_COLOR_NAME = AccentColor;
				CODE_SIGN_STYLE = Automatic;
				INFOPLIST_FILE = eduCards/Info.plist;
				LD_RUNPATH_SEARCH_PATHS = (
					"$(inherited)",
					"@executable_path/Frameworks",
				);
				PRODUCT_BUNDLE_IDENTIFIER = mx.itesm.eduCards;
				PRODUCT_NAME = "$(TARGET_NAME)";
				SWIFT_VERSION = 5.0;
				TARGETED_DEVICE_FAMILY = "1,2";
			};
			name = Debug;
		};
		30A913F3256DF805003897BC /* Release */ = {
			isa = XCBuildConfiguration;
			buildSettings = {
				ASSETCATALOG_COMPILER_APPICON_NAME = AppIcon;
				ASSETCATALOG_COMPILER_GLOBAL_ACCENT_COLOR_NAME = AccentColor;
				CODE_SIGN_STYLE = Automatic;
				INFOPLIST_FILE = eduCards/Info.plist;
				LD_RUNPATH_SEARCH_PATHS = (
					"$(inherited)",
					"@executable_path/Frameworks",
				);
				PRODUCT_BUNDLE_IDENTIFIER = mx.itesm.eduCards;
				PRODUCT_NAME = "$(TARGET_NAME)";
				SWIFT_VERSION = 5.0;
				TARGETED_DEVICE_FAMILY = "1,2";
			};
			name = Release;
		};
/* End XCBuildConfiguration section */

/* Begin XCConfigurationList section */
		30A913D8256DF803003897BC /* Build configuration list for PBXProject "eduCards" */ = {
			isa = XCConfigurationList;
			buildConfigurations = (
				30A913EF256DF805003897BC /* Debug */,
				30A913F0256DF805003897BC /* Release */,
			);
			defaultConfigurationIsVisible = 0;
			defaultConfigurationName = Release;
		};
		30A913F1256DF805003897BC /* Build configuration list for PBXNativeTarget "eduCards" */ = {
			isa = XCConfigurationList;
			buildConfigurations = (
				30A913F2256DF805003897BC /* Debug */,
				30A913F3256DF805003897BC /* Release */,
			);
			defaultConfigurationIsVisible = 0;
			defaultConfigurationName = Release;
		};
/* End XCConfigurationList section */
	};
	rootObject = 30A913D5256DF803003897BC /* Project object */;
}
